
Microsoft Visual Studio Solution File, Format Version 12.00
# Visual Studio Version 18
VisualStudioVersion = 18.0.11222.15
MinimumVisualStudioVersion = 10.0.40219.1
Project("{FAE04EC0-301F-11D3-BF4B-00C04F79EFBC}") = "InsTK.Server", "InsTK.Server\InsTK.Server.csproj", "{848D4CCE-CBBD-4683-8C7A-8033BDC3FE35}"
EndProject
Project("{FAE04EC0-301F-11D3-BF4B-00C04F79EFBC}") = "InsTK.Client", "InsTK.Client\InsTK.Client.csproj", "{C7B0A1A8-A118-4842-9B32-02DA24067283}"
EndProject
Project("{FAE04EC0-301F-11D3-BF4B-00C04F79EFBC}") = "InsTK.Shared", "InsTK.Shared\InsTK.Shared.csproj", "{24EFFEB3-538F-4A25-ADD5-F9E6CF90F4A2}"
EndProject
Project("{FAE04EC0-301F-11D3-BF4B-00C04F79EFBC}") = "InsTK.Test", "InsTK.Test\InsTK.Test.csproj", "{88DE9972-A997-4A36-A1E8-06FF1C6080BE}"
EndProject
Project("{2150E333-8FDC-42A3-9474-1A3956D46DE8}") = "Design Notes", "Design Notes", "{514E8758-BA01-4263-9028-1DC6F019B837}"
	ProjectSection(SolutionItems) = preProject
		InstructorCourseDevelopmentWorflows.md = InstructorCourseDevelopmentWorflows.md
	EndProjectSection
EndProject
Project("{FAE04EC0-301F-11D3-BF4B-00C04F79EFBC}") = "InsTK.MauiClient", "InsTK.MauiClient\InsTK.MauiClient.csproj", "{84DB562B-B086-4E8B-82EE-694FC6C38FE6}"
EndProject
Project("{FAE04EC0-301F-11D3-BF4B-00C04F79EFBC}") = "InsTK.Components", "InsTK.Components\InsTK.Components.csproj", "{816959B9-9CFE-4BD1-9AD9-B2E5616749BA}"
EndProject
Global
	GlobalSection(SolutionConfigurationPlatforms) = preSolution
		Debug|Any CPU = Debug|Any CPU
		Debug|x64 = Debug|x64
		Debug|x86 = Debug|x86
		Release|Any CPU = Release|Any CPU
		Release|x64 = Release|x64
		Release|x86 = Release|x86
	EndGlobalSection
	GlobalSection(ProjectConfigurationPlatforms) = postSolution
		{848D4CCE-CBBD-4683-8C7A-8033BDC3FE35}.Debug|Any CPU.ActiveCfg = Debug|Any CPU
		{848D4CCE-CBBD-4683-8C7A-8033BDC3FE35}.Debug|Any CPU.Build.0 = Debug|Any CPU
		{848D4CCE-CBBD-4683-8C7A-8033BDC3FE35}.Debug|x64.ActiveCfg = Debug|Any CPU
		{848D4CCE-CBBD-4683-8C7A-8033BDC3FE35}.Debug|x64.Build.0 = Debug|Any CPU
		{848D4CCE-CBBD-4683-8C7A-8033BDC3FE35}.Debug|x86.ActiveCfg = Debug|Any CPU
		{848D4CCE-CBBD-4683-8C7A-8033BDC3FE35}.Debug|x86.Build.0 = Debug|Any CPU
		{848D4CCE-CBBD-4683-8C7A-8033BDC3FE35}.Release|Any CPU.ActiveCfg = Release|Any CPU
		{848D4CCE-CBBD-4683-8C7A-8033BDC3FE35}.Release|Any CPU.Build.0 = Release|Any CPU
		{848D4CCE-CBBD-4683-8C7A-8033BDC3FE35}.Release|x64.ActiveCfg = Release|Any CPU
		{848D4CCE-CBBD-4683-8C7A-8033BDC3FE35}.Release|x64.Build.0 = Release|Any CPU
		{848D4CCE-CBBD-4683-8C7A-8033BDC3FE35}.Release|x86.ActiveCfg = Release|Any CPU
		{848D4CCE-CBBD-4683-8C7A-8033BDC3FE35}.Release|x86.Build.0 = Release|Any CPU
		{C7B0A1A8-A118-4842-9B32-02DA24067283}.Debug|Any CPU.ActiveCfg = Debug|Any CPU
		{C7B0A1A8-A118-4842-9B32-02DA24067283}.Debug|Any CPU.Build.0 = Debug|Any CPU
		{C7B0A1A8-A118-4842-9B32-02DA24067283}.Debug|x64.ActiveCfg = Debug|Any CPU
		{C7B0A1A8-A118-4842-9B32-02DA24067283}.Debug|x64.Build.0 = Debug|Any CPU
		{C7B0A1A8-A118-4842-9B32-02DA24067283}.Debug|x86.ActiveCfg = Debug|Any CPU
		{C7B0A1A8-A118-4842-9B32-02DA24067283}.Debug|x86.Build.0 = Debug|Any CPU
		{C7B0A1A8-A118-4842-9B32-02DA24067283}.Release|Any CPU.ActiveCfg = Release|Any CPU
		{C7B0A1A8-A118-4842-9B32-02DA24067283}.Release|Any CPU.Build.0 = Release|Any CPU
		{C7B0A1A8-A118-4842-9B32-02DA24067283}.Release|x64.ActiveCfg = Release|Any CPU
		{C7B0A1A8-A118-4842-9B32-02DA24067283}.Release|x64.Build.0 = Release|Any CPU
		{C7B0A1A8-A118-4842-9B32-02DA24067283}.Release|x86.ActiveCfg = Release|Any CPU
		{C7B0A1A8-A118-4842-9B32-02DA24067283}.Release|x86.Build.0 = Release|Any CPU
		{24EFFEB3-538F-4A25-ADD5-F9E6CF90F4A2}.Debug|Any CPU.ActiveCfg = Debug|Any CPU
		{24EFFEB3-538F-4A25-ADD5-F9E6CF90F4A2}.Debug|Any CPU.Build.0 = Debug|Any CPU
		{24EFFEB3-538F-4A25-ADD5-F9E6CF90F4A2}.Debug|x64.ActiveCfg = Debug|Any CPU
		{24EFFEB3-538F-4A25-ADD5-F9E6CF90F4A2}.Debug|x64.Build.0 = Debug|Any CPU
		{24EFFEB3-538F-4A25-ADD5-F9E6CF90F4A2}.Debug|x86.ActiveCfg = Debug|Any CPU
		{24EFFEB3-538F-4A25-ADD5-F9E6CF90F4A2}.Debug|x86.Build.0 = Debug|Any CPU
		{24EFFEB3-538F-4A25-ADD5-F9E6CF90F4A2}.Release|Any CPU.ActiveCfg = Release|Any CPU
		{24EFFEB3-538F-4A25-ADD5-F9E6CF90F4A2}.Release|Any CPU.Build.0 = Release|Any CPU
		{24EFFEB3-538F-4A25-ADD5-F9E6CF90F4A2}.Release|x64.ActiveCfg = Release|Any CPU
		{24EFFEB3-538F-4A25-ADD5-F9E6CF90F4A2}.Release|x64.Build.0 = Release|Any CPU
		{24EFFEB3-538F-4A25-ADD5-F9E6CF90F4A2}.Release|x86.ActiveCfg = Release|Any CPU
		{24EFFEB3-538F-4A25-ADD5-F9E6CF90F4A2}.Release|x86.Build.0 = Release|Any CPU
		{88DE9972-A997-4A36-A1E8-06FF1C6080BE}.Debug|Any CPU.ActiveCfg = Debug|Any CPU
		{88DE9972-A997-4A36-A1E8-06FF1C6080BE}.Debug|Any CPU.Build.0 = Debug|Any CPU
		{88DE9972-A997-4A36-A1E8-06FF1C6080BE}.Debug|x64.ActiveCfg = Debug|Any CPU
		{88DE9972-A997-4A36-A1E8-06FF1C6080BE}.Debug|x64.Build.0 = Debug|Any CPU
		{88DE9972-A997-4A36-A1E8-06FF1C6080BE}.Debug|x86.ActiveCfg = Debug|Any CPU
		{88DE9972-A997-4A36-A1E8-06FF1C6080BE}.Debug|x86.Build.0 = Debug|Any CPU
		{88DE9972-A997-4A36-A1E8-06FF1C6080BE}.Release|Any CPU.ActiveCfg = Release|Any CPU
		{88DE9972-A997-4A36-A1E8-06FF1C6080BE}.Release|Any CPU.Build.0 = Release|Any CPU
		{88DE9972-A997-4A36-A1E8-06FF1C6080BE}.Release|x64.ActiveCfg = Release|Any CPU
		{88DE9972-A997-4A36-A1E8-06FF1C6080BE}.Release|x64.Build.0 = Release|Any CPU
		{88DE9972-A997-4A36-A1E8-06FF1C6080BE}.Release|x86.ActiveCfg = Release|Any CPU
		{88DE9972-A997-4A36-A1E8-06FF1C6080BE}.Release|x86.Build.0 = Release|Any CPU
		{84DB562B-B086-4E8B-82EE-694FC6C38FE6}.Debug|Any CPU.ActiveCfg = Debug|Any CPU
		{84DB562B-B086-4E8B-82EE-694FC6C38FE6}.Debug|Any CPU.Build.0 = Debug|Any CPU
		{84DB562B-B086-4E8B-82EE-694FC6C38FE6}.Debug|x64.ActiveCfg = Debug|Any CPU
		{84DB562B-B086-4E8B-82EE-694FC6C38FE6}.Debug|x64.Build.0 = Debug|Any CPU
		{84DB562B-B086-4E8B-82EE-694FC6C38FE6}.Debug|x86.ActiveCfg = Debug|Any CPU
		{84DB562B-B086-4E8B-82EE-694FC6C38FE6}.Debug|x86.Build.0 = Debug|Any CPU
		{84DB562B-B086-4E8B-82EE-694FC6C38FE6}.Release|Any CPU.ActiveCfg = Release|Any CPU
		{84DB562B-B086-4E8B-82EE-694FC6C38FE6}.Release|Any CPU.Build.0 = Release|Any CPU
		{84DB562B-B086-4E8B-82EE-694FC6C38FE6}.Release|x64.ActiveCfg = Release|Any CPU
		{84DB562B-B086-4E8B-82EE-694FC6C38FE6}.Release|x64.Build.0 = Release|Any CPU
		{84DB562B-B086-4E8B-82EE-694FC6C38FE6}.Release|x86.ActiveCfg = Release|Any CPU
		{84DB562B-B086-4E8B-82EE-694FC6C38FE6}.Release|x86.Build.0 = Release|Any CPU
		{816959B9-9CFE-4BD1-9AD9-B2E5616749BA}.Debug|Any CPU.ActiveCfg = Debug|Any CPU
		{816959B9-9CFE-4BD1-9AD9-B2E5616749BA}.Debug|Any CPU.Build.0 = Debug|Any CPU
		{816959B9-9CFE-4BD1-9AD9-B2E5616749BA}.Debug|x64.ActiveCfg = Debug|Any CPU
		{816959B9-9CFE-4BD1-9AD9-B2E5616749BA}.Debug|x64.Build.0 = Debug|Any CPU
		{816959B9-9CFE-4BD1-9AD9-B2E5616749BA}.Debug|x86.ActiveCfg = Debug|Any CPU
		{816959B9-9CFE-4BD1-9AD9-B2E5616749BA}.Debug|x86.Build.0 = Debug|Any CPU
		{816959B9-9CFE-4BD1-9AD9-B2E5616749BA}.Release|Any CPU.ActiveCfg = Release|Any CPU
		{816959B9-9CFE-4BD1-9AD9-B2E5616749BA}.Release|Any CPU.Build.0 = Release|Any CPU
		{816959B9-9CFE-4BD1-9AD9-B2E5616749BA}.Release|x64.ActiveCfg = Release|Any CPU
		{816959B9-9CFE-4BD1-9AD9-B2E5616749BA}.Release|x64.Build.0 = Release|Any CPU
		{816959B9-9CFE-4BD1-9AD9-B2E5616749BA}.Release|x86.ActiveCfg = Release|Any CPU
		{816959B9-9CFE-4BD1-9AD9-B2E5616749BA}.Release|x86.Build.0 = Release|Any CPU
	EndGlobalSection
	GlobalSection(SolutionProperties) = preSolution
		HideSolutionNode = FALSE
	EndGlobalSection
	GlobalSection(ExtensibilityGlobals) = postSolution
		SolutionGuid = {C11C6893-8900-4119-894A-81097CFE8DC9}
	EndGlobalSection
EndGlobal
